github.com/google/btree v1.0.0 h1:0udJVsspx3VBr5FwtLhQQtuAsVc79tTq0ocGIPAU6qo=
github.com/google/btree v1.0.0/go.mod h1:lNA+9X1NB3Zf8V7Ke586lFgjr2dZNuvo3lPJSGZ5JPQ=
github.com/gptankit/harmonic v1.2.0 h1:7G7qBWw7qWzR7tg0JTlla/Pb02BIzPl4yR9kNrMs7QQ=
github.com/gptankit/harmonic v1.2.0/go.mod h1:gOyY0RqkUjCGb1UgvUEQENXFlZzelL5to9rRUVYCrkc=
github.com/peterbourgon/diskv/v3 v3.0.0 h1:iPZxiSeh/S8JIAl2rIhCSYlUIgZWjd9mYswxZfeUI3s=
github.com/peterbourgon/diskv/v3 v3.0.0/go.mod h1:kJ5Ny7vLdARGU3WUuy6uzO6T0nb/2gWcT1JiBvRmb5o=
